{
  "object": {
    "pins": [
      {
        "package": "MBProgressHUD",
        "repositoryURL": "https://github.com/jdg/MBProgressHUD.git",
        "state": {
          "branch": null,
          "revision": "bca42b801100b2b3a4eda0ba8dd33d858c780b0d",
          "version": "1.2.0"
        }
      },
      {
        "package": "SnapKit",
        "repositoryURL": "https://github.com/SnapKit/SnapKit.git",
        "state": {
          "branch": null,
          "revision": "d458564516e5676af9c70b4f4b2a9178294f1bc6",
          "version": "5.0.1"
        }
      },
      {
        "package": "SQLite.swift",
        "repositoryURL": "https://github.com/stephencelis/SQLite.swift.git",
        "state": {
          "branch": null,
          "revision": "0a9893ec030501a3956bee572d6b4fdd3ae158a1",
          "version": "0.12.2"
        }
      }
    ]
  },
  "version": 1
}
